// !$*UTF8*$!
{
	archiveVersion = 1;
	classes = {
	};
	objectVersion = 55;
	objects = {

/* Begin PBXBuildFile section */
		7336C96628D355C400455283 /* MainTabViewModels.swift in Sources */ = {isa = PBXBuildFile; fileRef = 7336C96328D355C400455283 /* MainTabViewModels.swift */; };
		7336C96728D355C400455283 /* MainTabView.swift in Sources */ = {isa = PBXBuildFile; fileRef = 7336C96528D355C400455283 /* MainTabView.swift */; };
		733961E628D8635F00905AB4 /* ExploreView.swift in Sources */ = {isa = PBXBuildFile; fileRef = 733961E528D8635F00905AB4 /* ExploreView.swift */; };
		733961E928D86A3100905AB4 /* CustomTextField in Frameworks */ = {isa = PBXBuildFile; productRef = 733961E828D86A3100905AB4 /* CustomTextField */; };
		733A5A27289069EC003AE35D /* CookItApp.swift in Sources */ = {isa = PBXBuildFile; fileRef = 733A5A26289069EC003AE35D /* CookItApp.swift */; };
		733A5A29289069EC003AE35D /* ContentView.swift in Sources */ = {isa = PBXBuildFile; fileRef = 733A5A28289069EC003AE35D /* ContentView.swift */; };
		733A5A2B289069ED003AE35D /* Assets.xcassets in Resources */ = {isa = PBXBuildFile; fileRef = 733A5A2A289069ED003AE35D /* Assets.xcassets */; };
		733A5A2E289069ED003AE35D /* Preview Assets.xcassets in Resources */ = {isa = PBXBuildFile; fileRef = 733A5A2D289069ED003AE35D /* Preview Assets.xcassets */; };
		733A5A3828906A1C003AE35D /* RecipeTileView.swift in Sources */ = {isa = PBXBuildFile; fileRef = 733A5A3728906A1C003AE35D /* RecipeTileView.swift */; };
		733A5A3B28906A43003AE35D /* HomeView.swift in Sources */ = {isa = PBXBuildFile; fileRef = 733A5A3A28906A43003AE35D /* HomeView.swift */; };
		733A5A4A28906B74003AE35D /* ViewExtension.swift in Sources */ = {isa = PBXBuildFile; fileRef = 733A5A4928906B74003AE35D /* ViewExtension.swift */; };
		73AC06C828E1BB9B001FFF78 /* MainTabAssets.xcassets in Resources */ = {isa = PBXBuildFile; fileRef = 73AC06C728E1BB9B001FFF78 /* MainTabAssets.xcassets */; };
		73F5A7A928E2FDAA007F2B38 /* Constants.swift in Sources */ = {isa = PBXBuildFile; fileRef = 73F5A7A828E2FDAA007F2B38 /* Constants.swift */; };
		73F5A7AB28E3002E007F2B38 /* RecipePreviewsList.swift in Sources */ = {isa = PBXBuildFile; fileRef = 73F5A7AA28E3002E007F2B38 /* RecipePreviewsList.swift */; };
		73F661E728E1E844000BEF8C /* RecipePreview.swift in Sources */ = {isa = PBXBuildFile; fileRef = 73F661E628E1E844000BEF8C /* RecipePreview.swift */; };
		73F661EA28E1F68E000BEF8C /* APIManager.swift in Sources */ = {isa = PBXBuildFile; fileRef = 73F661E928E1F68E000BEF8C /* APIManager.swift */; };
		73F661ED28E1F749000BEF8C /* Alamofire in Frameworks */ = {isa = PBXBuildFile; productRef = 73F661EC28E1F749000BEF8C /* Alamofire */; };
		73F661EF28E1FE5D000BEF8C /* RecipesService.swift in Sources */ = {isa = PBXBuildFile; fileRef = 73F661EE28E1FE5D000BEF8C /* RecipesService.swift */; };
/* End PBXBuildFile section */

/* Begin PBXFileReference section */
		7336C96328D355C400455283 /* MainTabViewModels.swift */ = {isa = PBXFileReference; fileEncoding = 4; lastKnownFileType = sourcecode.swift; path = MainTabViewModels.swift; sourceTree = "<group>"; };
		7336C96528D355C400455283 /* MainTabView.swift */ = {isa = PBXFileReference; fileEncoding = 4; lastKnownFileType = sourcecode.swift; path = MainTabView.swift; sourceTree = "<group>"; };
		733961E528D8635F00905AB4 /* ExploreView.swift */ = {isa = PBXFileReference; lastKnownFileType = sourcecode.swift; path = ExploreView.swift; sourceTree = "<group>"; };
		733A5A23289069EC003AE35D /* CookIt.app */ = {isa = PBXFileReference; explicitFileType = wrapper.application; includeInIndex = 0; path = CookIt.app; sourceTree = BUILT_PRODUCTS_DIR; };
		733A5A26289069EC003AE35D /* CookItApp.swift */ = {isa = PBXFileReference; lastKnownFileType = sourcecode.swift; path = CookItApp.swift; sourceTree = "<group>"; };
		733A5A28289069EC003AE35D /* ContentView.swift */ = {isa = PBXFileReference; lastKnownFileType = sourcecode.swift; path = ContentView.swift; sourceTree = "<group>"; };
		733A5A2A289069ED003AE35D /* Assets.xcassets */ = {isa = PBXFileReference; lastKnownFileType = folder.assetcatalog; path = Assets.xcassets; sourceTree = "<group>"; };
		733A5A2D289069ED003AE35D /* Preview Assets.xcassets */ = {isa = PBXFileReference; lastKnownFileType = folder.assetcatalog; path = "Preview Assets.xcassets"; sourceTree = "<group>"; };
		733A5A3728906A1C003AE35D /* RecipeTileView.swift */ = {isa = PBXFileReference; lastKnownFileType = sourcecode.swift; path = RecipeTileView.swift; sourceTree = "<group>"; };
		733A5A3A28906A43003AE35D /* HomeView.swift */ = {isa = PBXFileReference; lastKnownFileType = sourcecode.swift; path = HomeView.swift; sourceTree = "<group>"; };
		733A5A4928906B74003AE35D /* ViewExtension.swift */ = {isa = PBXFileReference; fileEncoding = 4; lastKnownFileType = sourcecode.swift; path = ViewExtension.swift; sourceTree = "<group>"; };
		73AC06C728E1BB9B001FFF78 /* MainTabAssets.xcassets */ = {isa = PBXFileReference; lastKnownFileType = folder.assetcatalog; path = MainTabAssets.xcassets; sourceTree = "<group>"; };
		73F5A7A828E2FDAA007F2B38 /* Constants.swift */ = {isa = PBXFileReference; lastKnownFileType = sourcecode.swift; path = Constants.swift; sourceTree = "<group>"; };
		73F5A7AA28E3002E007F2B38 /* RecipePreviewsList.swift */ = {isa = PBXFileReference; lastKnownFileType = sourcecode.swift; path = RecipePreviewsList.swift; sourceTree = "<group>"; };
		73F661E628E1E844000BEF8C /* RecipePreview.swift */ = {isa = PBXFileReference; lastKnownFileType = sourcecode.swift; path = RecipePreview.swift; sourceTree = "<group>"; };
		73F661E928E1F68E000BEF8C /* APIManager.swift */ = {isa = PBXFileReference; lastKnownFileType = sourcecode.swift; path = APIManager.swift; sourceTree = "<group>"; };
		73F661EE28E1FE5D000BEF8C /* RecipesService.swift */ = {isa = PBXFileReference; lastKnownFileType = sourcecode.swift; path = RecipesService.swift; sourceTree = "<group>"; };
/* End PBXFileReference section */

/* Begin PBXFrameworksBuildPhase section */
		733A5A20289069EC003AE35D /* Frameworks */ = {
			isa = PBXFrameworksBuildPhase;
			buildActionMask = 2147483647;
			files = (
				733961E928D86A3100905AB4 /* CustomTextField in Frameworks */,
				73F661ED28E1F749000BEF8C /* Alamofire in Frameworks */,
			);
			runOnlyForDeploymentPostprocessing = 0;
		};
/* End PBXFrameworksBuildPhase section */

/* Begin PBXGroup section */
		7336C96128D355C400455283 /* MainTab */ = {
			isa = PBXGroup;
			children = (
				7336C96228D355C400455283 /* ViewModels */,
				7336C96428D355C400455283 /* Views */,
				73AC06C728E1BB9B001FFF78 /* MainTabAssets.xcassets */,
			);
			path = MainTab;
			sourceTree = "<group>";
		};
		7336C96228D355C400455283 /* ViewModels */ = {
			isa = PBXGroup;
			children = (
				7336C96328D355C400455283 /* MainTabViewModels.swift */,
			);
			path = ViewModels;
			sourceTree = "<group>";
		};
		7336C96428D355C400455283 /* Views */ = {
			isa = PBXGroup;
			children = (
				7336C96528D355C400455283 /* MainTabView.swift */,
			);
			path = Views;
			sourceTree = "<group>";
		};
		733961E228D8631D00905AB4 /* Explore */ = {
			isa = PBXGroup;
			children = (
				733961E428D8633000905AB4 /* ViewModels */,
				733961E328D8632800905AB4 /* Views */,
			);
			path = Explore;
			sourceTree = "<group>";
		};
		733961E328D8632800905AB4 /* Views */ = {
			isa = PBXGroup;
			children = (
				733961E528D8635F00905AB4 /* ExploreView.swift */,
			);
			path = Views;
			sourceTree = "<group>";
		};
		733961E428D8633000905AB4 /* ViewModels */ = {
			isa = PBXGroup;
			children = (
			);
			path = ViewModels;
			sourceTree = "<group>";
		};
		733A5A1A289069EC003AE35D = {
			isa = PBXGroup;
			children = (
				733A5A25289069EC003AE35D /* CookIt */,
				733A5A24289069EC003AE35D /* Products */,
			);
			sourceTree = "<group>";
		};
		733A5A24289069EC003AE35D /* Products */ = {
			isa = PBXGroup;
			children = (
				733A5A23289069EC003AE35D /* CookIt.app */,
			);
			name = Products;
			sourceTree = "<group>";
		};
		733A5A25289069EC003AE35D /* CookIt */ = {
			isa = PBXGroup;
			children = (
				73F5A7A728E2FD7A007F2B38 /* Utils */,
				73F661E828E1F5E3000BEF8C /* Services */,
				73F661E528E1E773000BEF8C /* Models */,
				733A5A3E28906B19003AE35D /* Extensions */,
				733A5A3428906A00003AE35D /* Core */,
				733A5A26289069EC003AE35D /* CookItApp.swift */,
				733A5A28289069EC003AE35D /* ContentView.swift */,
				733A5A2A289069ED003AE35D /* Assets.xcassets */,
				733A5A2C289069ED003AE35D /* Preview Content */,
			);
			path = CookIt;
			sourceTree = "<group>";
		};
		733A5A2C289069ED003AE35D /* Preview Content */ = {
			isa = PBXGroup;
			children = (
				733A5A2D289069ED003AE35D /* Preview Assets.xcassets */,
			);
			path = "Preview Content";
			sourceTree = "<group>";
		};
		733A5A3428906A00003AE35D /* Core */ = {
			isa = PBXGroup;
			children = (
				733961E228D8631D00905AB4 /* Explore */,
				7336C96128D355C400455283 /* MainTab */,
				733A5A3528906A07003AE35D /* Home */,
			);
			path = Core;
			sourceTree = "<group>";
		};
		733A5A3528906A07003AE35D /* Home */ = {
			isa = PBXGroup;
			children = (
				733A5A3928906A35003AE35D /* ViewModels */,
				733A5A3628906A0D003AE35D /* Views */,
			);
			path = Home;
			sourceTree = "<group>";
		};
		733A5A3628906A0D003AE35D /* Views */ = {
			isa = PBXGroup;
			children = (
				733A5A3728906A1C003AE35D /* RecipeTileView.swift */,
				733A5A3A28906A43003AE35D /* HomeView.swift */,
			);
			path = Views;
			sourceTree = "<group>";
		};
		733A5A3928906A35003AE35D /* ViewModels */ = {
			isa = PBXGroup;
			children = (
			);
			path = ViewModels;
			sourceTree = "<group>";
		};
		733A5A3E28906B19003AE35D /* Extensions */ = {
			isa = PBXGroup;
			children = (
				733A5A4928906B74003AE35D /* ViewExtension.swift */,
			);
			path = Extensions;
			sourceTree = "<group>";
		};
		73F5A7A728E2FD7A007F2B38 /* Utils */ = {
			isa = PBXGroup;
			children = (
				73F5A7A828E2FDAA007F2B38 /* Constants.swift */,
			);
			path = Utils;
			sourceTree = "<group>";
		};
		73F661E528E1E773000BEF8C /* Models */ = {
			isa = PBXGroup;
			children = (
				73F661E628E1E844000BEF8C /* RecipePreview.swift */,
				73F5A7AA28E3002E007F2B38 /* RecipePreviewsList.swift */,
			);
			path = Models;
			sourceTree = "<group>";
		};
		73F661E828E1F5E3000BEF8C /* Services */ = {
			isa = PBXGroup;
			children = (
				73F661E928E1F68E000BEF8C /* APIManager.swift */,
				73F661EE28E1FE5D000BEF8C /* RecipesService.swift */,
			);
			path = Services;
			sourceTree = "<group>";
		};
/* End PBXGroup section */

/* Begin PBXNativeTarget section */
		733A5A22289069EC003AE35D /* CookIt */ = {
			isa = PBXNativeTarget;
			buildConfigurationList = 733A5A31289069ED003AE35D /* Build configuration list for PBXNativeTarget "CookIt" */;
			buildPhases = (
				733A5A1F289069EC003AE35D /* Sources */,
				733A5A20289069EC003AE35D /* Frameworks */,
				733A5A21289069EC003AE35D /* Resources */,
			);
			buildRules = (
			);
			dependencies = (
			);
			name = CookIt;
			packageProductDependencies = (
				733961E828D86A3100905AB4 /* CustomTextField */,
				73F661EC28E1F749000BEF8C /* Alamofire */,
			);
			productName = CookIt;
			productReference = 733A5A23289069EC003AE35D /* CookIt.app */;
			productType = "com.apple.product-type.application";
		};
/* End PBXNativeTarget section */

/* Begin PBXProject section */
		733A5A1B289069EC003AE35D /* Project object */ = {
			isa = PBXProject;
			attributes = {
				BuildIndependentTargetsInParallel = 1;
				LastSwiftUpdateCheck = 1340;
				LastUpgradeCheck = 1340;
				TargetAttributes = {
					733A5A22289069EC003AE35D = {
						CreatedOnToolsVersion = 13.4.1;
					};
				};
			};
			buildConfigurationList = 733A5A1E289069EC003AE35D /* Build configuration list for PBXProject "CookIt" */;
			compatibilityVersion = "Xcode 13.0";
			developmentRegion = en;
			hasScannedForEncodings = 0;
			knownRegions = (
				en,
				Base,
			);
			mainGroup = 733A5A1A289069EC003AE35D;
			packageReferences = (
				733961E728D86A3100905AB4 /* XCRemoteSwiftPackageReference "CustomTextField" */,
				73F661EB28E1F749000BEF8C /* XCRemoteSwiftPackageReference "Alamofire" */,
			);
			productRefGroup = 733A5A24289069EC003AE35D /* Products */;
			projectDirPath = "";
			projectRoot = "";
			targets = (
				733A5A22289069EC003AE35D /* CookIt */,
			);
		};
/* End PBXProject section */

/* Begin PBXResourcesBuildPhase section */
		733A5A21289069EC003AE35D /* Resources */ = {
			isa = PBXResourcesBuildPhase;
			buildActionMask = 2147483647;
			files = (
				733A5A2E289069ED003AE35D /* Preview Assets.xcassets in Resources */,
				733A5A2B289069ED003AE35D /* Assets.xcassets in Resources */,
				73AC06C828E1BB9B001FFF78 /* MainTabAssets.xcassets in Resources */,
			);
			runOnlyForDeploymentPostprocessing = 0;
		};
/* End PBXResourcesBuildPhase section */

/* Begin PBXSourcesBuildPhase section */
		733A5A1F289069EC003AE35D /* Sources */ = {
			isa = PBXSourcesBuildPhase;
			buildActionMask = 2147483647;
			files = (
				733A5A29289069EC003AE35D /* ContentView.swift in Sources */,
				73F661EF28E1FE5D000BEF8C /* RecipesService.swift in Sources */,
				733A5A3B28906A43003AE35D /* HomeView.swift in Sources */,
				73F661EA28E1F68E000BEF8C /* APIManager.swift in Sources */,
				733A5A27289069EC003AE35D /* CookItApp.swift in Sources */,
				73F5A7AB28E3002E007F2B38 /* RecipePreviewsList.swift in Sources */,
				7336C96628D355C400455283 /* MainTabViewModels.swift in Sources */,
				7336C96728D355C400455283 /* MainTabView.swift in Sources */,
				733A5A3828906A1C003AE35D /* RecipeTileView.swift in Sources */,
				733961E628D8635F00905AB4 /* ExploreView.swift in Sources */,
				73F661E728E1E844000BEF8C /* RecipePreview.swift in Sources */,
				733A5A4A28906B74003AE35D /* ViewExtension.swift in Sources */,
				73F5A7A928E2FDAA007F2B38 /* Constants.swift in Sources */,
			);
			runOnlyForDeploymentPostprocessing = 0;
		};
/* End PBXSourcesBuildPhase section */

/* Begin XCBuildConfiguration section */
		733A5A2F289069ED003AE35D /* Debug */ = {
			isa = XCBuildConfiguration;
			buildSettings = {
				ALWAYS_SEARCH_USER_PATHS = NO;
				CLANG_ANALYZER_NONNULL = YES;
				CLANG_ANALYZER_NUMBER_OBJECT_CONVERSION = YES_AGGRESSIVE;
				CLANG_CXX_LANGUAGE_STANDARD = "gnu++17";
				CLANG_ENABLE_MODULES = YES;
				CLANG_ENABLE_OBJC_ARC = YES;
				CLANG_ENABLE_OBJC_WEAK = YES;
				CLANG_WARN_BLOCK_CAPTURE_AUTORELEASING = YES;
				CLANG_WARN_BOOL_CONVERSION = YES;
				CLANG_WARN_COMMA = YES;
				CLANG_WARN_CONSTANT_CONVERSION = YES;
				CLANG_WARN_DEPRECATED_OBJC_IMPLEMENTATIONS = YES;
				CLANG_WARN_DIRECT_OBJC_ISA_USAGE = YES_ERROR;
				CLANG_WARN_DOCUMENTATION_COMMENTS = YES;
				CLANG_WARN_EMPTY_BODY = YES;
				CLANG_WARN_ENUM_CONVERSION = YES;
				CLANG_WARN_INFINITE_RECURSION = YES;
				CLANG_WARN_INT_CONVERSION = YES;
				CLANG_WARN_NON_LITERAL_NULL_CONVERSION = YES;
				CLANG_WARN_OBJC_IMPLICIT_RETAIN_SELF = YES;
				CLANG_WARN_OBJC_LITERAL_CONVERSION = YES;
				CLANG_WARN_OBJC_ROOT_CLASS = YES_ERROR;
				CLANG_WARN_QUOTED_INCLUDE_IN_FRAMEWORK_HEADER = YES;
				CLANG_WARN_RANGE_LOOP_ANALYSIS = YES;
				CLANG_WARN_STRICT_PROTOTYPES = YES;
				CLANG_WARN_SUSPICIOUS_MOVE = YES;
				CLANG_WARN_UNGUARDED_AVAILABILITY = YES_AGGRESSIVE;
				CLANG_WARN_UNREACHABLE_CODE = YES;
				CLANG_WARN__DUPLICATE_METHOD_MATCH = YES;
				COPY_PHASE_STRIP = NO;
				DEBUG_INFORMATION_FORMAT = dwarf;
				ENABLE_STRICT_OBJC_MSGSEND = YES;
				ENABLE_TESTABILITY = YES;
				GCC_C_LANGUAGE_STANDARD = gnu11;
				GCC_DYNAMIC_NO_PIC = NO;
				GCC_NO_COMMON_BLOCKS = YES;
				GCC_OPTIMIZATION_LEVEL = 0;
				GCC_PREPROCESSOR_DEFINITIONS = (
					"DEBUG=1",
					"$(inherited)",
				);
				GCC_WARN_64_TO_32_BIT_CONVERSION = YES;
				GCC_WARN_ABOUT_RETURN_TYPE = YES_ERROR;
				GCC_WARN_UNDECLARED_SELECTOR = YES;
				GCC_WARN_UNINITIALIZED_AUTOS = YES_AGGRESSIVE;
				GCC_WARN_UNUSED_FUNCTION = YES;
				GCC_WARN_UNUSED_VARIABLE = YES;
				IPHONEOS_DEPLOYMENT_TARGET = 15.5;
				MTL_ENABLE_DEBUG_INFO = INCLUDE_SOURCE;
				MTL_FAST_MATH = YES;
				ONLY_ACTIVE_ARCH = YES;
				SDKROOT = iphoneos;
				SWIFT_ACTIVE_COMPILATION_CONDITIONS = DEBUG;
				SWIFT_OPTIMIZATION_LEVEL = "-Onone";
			};
			name = Debug;
		};
		733A5A30289069ED003AE35D /* Release */ = {
			isa = XCBuildConfiguration;
			buildSettings = {
				ALWAYS_SEARCH_USER_PATHS = NO;
				CLANG_ANALYZER_NONNULL = YES;
				CLANG_ANALYZER_NUMBER_OBJECT_CONVERSION = YES_AGGRESSIVE;
				CLANG_CXX_LANGUAGE_STANDARD = "gnu++17";
				CLANG_ENABLE_MODULES = YES;
				CLANG_ENABLE_OBJC_ARC = YES;
				CLANG_ENABLE_OBJC_WEAK = YES;
				CLANG_WARN_BLOCK_CAPTURE_AUTORELEASING = YES;
				CLANG_WARN_BOOL_CONVERSION = YES;
				CLANG_WARN_COMMA = YES;
				CLANG_WARN_CONSTANT_CONVERSION = YES;
				CLANG_WARN_DEPRECATED_OBJC_IMPLEMENTATIONS = YES;
				CLANG_WARN_DIRECT_OBJC_ISA_USAGE = YES_ERROR;
				CLANG_WARN_DOCUMENTATION_COMMENTS = YES;
				CLANG_WARN_EMPTY_BODY = YES;
				CLANG_WARN_ENUM_CONVERSION = YES;
				CLANG_WARN_INFINITE_RECURSION = YES;
				CLANG_WARN_INT_CONVERSION = YES;
				CLANG_WARN_NON_LITERAL_NULL_CONVERSION = YES;
				CLANG_WARN_OBJC_IMPLICIT_RETAIN_SELF = YES;
				CLANG_WARN_OBJC_LITERAL_CONVERSION = YES;
				CLANG_WARN_OBJC_ROOT_CLASS = YES_ERROR;
				CLANG_WARN_QUOTED_INCLUDE_IN_FRAMEWORK_HEADER = YES;
				CLANG_WARN_RANGE_LOOP_ANALYSIS = YES;
				CLANG_WARN_STRICT_PROTOTYPES = YES;
				CLANG_WARN_SUSPICIOUS_MOVE = YES;
				CLANG_WARN_UNGUARDED_AVAILABILITY = YES_AGGRESSIVE;
				CLANG_WARN_UNREACHABLE_CODE = YES;
				CLANG_WARN__DUPLICATE_METHOD_MATCH = YES;
				COPY_PHASE_STRIP = NO;
				DEBUG_INFORMATION_FORMAT = "dwarf-with-dsym";
				ENABLE_NS_ASSERTIONS = NO;
				ENABLE_STRICT_OBJC_MSGSEND = YES;
				GCC_C_LANGUAGE_STANDARD = gnu11;
				GCC_NO_COMMON_BLOCKS = YES;
				GCC_WARN_64_TO_32_BIT_CONVERSION = YES;
				GCC_WARN_ABOUT_RETURN_TYPE = YES_ERROR;
				GCC_WARN_UNDECLARED_SELECTOR = YES;
				GCC_WARN_UNINITIALIZED_AUTOS = YES_AGGRESSIVE;
				GCC_WARN_UNUSED_FUNCTION = YES;
				GCC_WARN_UNUSED_VARIABLE = YES;
				IPHONEOS_DEPLOYMENT_TARGET = 15.5;
				MTL_ENABLE_DEBUG_INFO = NO;
				MTL_FAST_MATH = YES;
				SDKROOT = iphoneos;
				SWIFT_COMPILATION_MODE = wholemodule;
				SWIFT_OPTIMIZATION_LEVEL = "-O";
				VALIDATE_PRODUCT = YES;
			};
			name = Release;
		};
		733A5A32289069ED003AE35D /* Debug */ = {
			isa = XCBuildConfiguration;
			buildSettings = {
				ASSETCATALOG_COMPILER_APPICON_NAME = AppIcon;
				ASSETCATALOG_COMPILER_GLOBAL_ACCENT_COLOR_NAME = AccentColor;
				CODE_SIGN_STYLE = Automatic;
				CURRENT_PROJECT_VERSION = 1;
				DEVELOPMENT_ASSET_PATHS = "\"CookIt/Preview Content\"";
				DEVELOPMENT_TEAM = TBF67HVY8N;
				ENABLE_PREVIEWS = YES;
				GENERATE_INFOPLIST_FILE = YES;
				INFOPLIST_KEY_UIApplicationSceneManifest_Generation = YES;
				INFOPLIST_KEY_UIApplicationSupportsIndirectInputEvents = YES;
				INFOPLIST_KEY_UILaunchScreen_Generation = YES;
				INFOPLIST_KEY_UISupportedInterfaceOrientations_iPad = "UIInterfaceOrientationPortrait UIInterfaceOrientationPortraitUpsideDown UIInterfaceOrientationLandscapeLeft UIInterfaceOrientationLandscapeRight";
				INFOPLIST_KEY_UISupportedInterfaceOrientations_iPhone = "UIInterfaceOrientationPortrait UIInterfaceOrientationLandscapeLeft UIInterfaceOrientationLandscapeRight";
				LD_RUNPATH_SEARCH_PATHS = (
					"$(inherited)",
					"@executable_path/Frameworks",
				);
				MARKETING_VERSION = 1.0;
				PRODUCT_BUNDLE_IDENTIFIER = lerpof.CookIt;
				PRODUCT_NAME = "$(TARGET_NAME)";
				SWIFT_EMIT_LOC_STRINGS = YES;
				SWIFT_VERSION = 5.0;
				TARGETED_DEVICE_FAMILY = "1,2";
			};
			name = Debug;
		};
		733A5A33289069ED003AE35D /* Release */ = {
			isa = XCBuildConfiguration;
			buildSettings = {
				ASSETCATALOG_COMPILER_APPICON_NAME = AppIcon;
				ASSETCATALOG_COMPILER_GLOBAL_ACCENT_COLOR_NAME = AccentColor;
				CODE_SIGN_STYLE = Automatic;
				CURRENT_PROJECT_VERSION = 1;
				DEVELOPMENT_ASSET_PATHS = "\"CookIt/Preview Content\"";
				DEVELOPMENT_TEAM = TBF67HVY8N;
				ENABLE_PREVIEWS = YES;
				GENERATE_INFOPLIST_FILE = YES;
				INFOPLIST_KEY_UIApplicationSceneManifest_Generation = YES;
				INFOPLIST_KEY_UIApplicationSupportsIndirectInputEvents = YES;
				INFOPLIST_KEY_UILaunchScreen_Generation = YES;
				INFOPLIST_KEY_UISupportedInterfaceOrientations_iPad = "UIInterfaceOrientationPortrait UIInterfaceOrientationPortraitUpsideDown UIInterfaceOrientationLandscapeLeft UIInterfaceOrientationLandscapeRight";
				INFOPLIST_KEY_UISupportedInterfaceOrientations_iPhone = "UIInterfaceOrientationPortrait UIInterfaceOrientationLandscapeLeft UIInterfaceOrientationLandscapeRight";
				LD_RUNPATH_SEARCH_PATHS = (
					"$(inherited)",
					"@executable_path/Frameworks",
				);
				MARKETING_VERSION = 1.0;
				PRODUCT_BUNDLE_IDENTIFIER = lerpof.CookIt;
				PRODUCT_NAME = "$(TARGET_NAME)";
				SWIFT_EMIT_LOC_STRINGS = YES;
				SWIFT_VERSION = 5.0;
				TARGETED_DEVICE_FAMILY = "1,2";
			};
			name = Release;
		};
/* End XCBuildConfiguration section */

/* Begin XCConfigurationList section */
		733A5A1E289069EC003AE35D /* Build configuration list for PBXProject "CookIt" */ = {
			isa = XCConfigurationList;
			buildConfigurations = (
				733A5A2F289069ED003AE35D /* Debug */,
				733A5A30289069ED003AE35D /* Release */,
			);
			defaultConfigurationIsVisible = 0;
			defaultConfigurationName = Release;
		};
		733A5A31289069ED003AE35D /* Build configuration list for PBXNativeTarget "CookIt" */ = {
			isa = XCConfigurationList;
			buildConfigurations = (
				733A5A32289069ED003AE35D /* Debug */,
				733A5A33289069ED003AE35D /* Release */,
			);
			defaultConfigurationIsVisible = 0;
			defaultConfigurationName = Release;
		};
/* End XCConfigurationList section */

/* Begin XCRemoteSwiftPackageReference section */
		733961E728D86A3100905AB4 /* XCRemoteSwiftPackageReference "CustomTextField" */ = {
			isa = XCRemoteSwiftPackageReference;
			repositoryURL = "https://github.com/lerpof/CustomTextField";
			requirement = {
				branch = main;
				kind = branch;
			};
		};
		73F661EB28E1F749000BEF8C /* XCRemoteSwiftPackageReference "Alamofire" */ = {
			isa = XCRemoteSwiftPackageReference;
			repositoryURL = "https://github.com/Alamofire/Alamofire.git";
			requirement = {
				kind = upToNextMajorVersion;
				minimumVersion = 5.0.0;
			};
		};
/* End XCRemoteSwiftPackageReference section */

/* Begin XCSwiftPackageProductDependency section */
		733961E828D86A3100905AB4 /* CustomTextField */ = {
			isa = XCSwiftPackageProductDependency;
			package = 733961E728D86A3100905AB4 /* XCRemoteSwiftPackageReference "CustomTextField" */;
			productName = CustomTextField;
		};
		73F661EC28E1F749000BEF8C /* Alamofire */ = {
			isa = XCSwiftPackageProductDependency;
			package = 73F661EB28E1F749000BEF8C /* XCRemoteSwiftPackageReference "Alamofire" */;
			productName = Alamofire;
		};
/* End XCSwiftPackageProductDependency section */
	};
	rootObject = 733A5A1B289069EC003AE35D /* Project object */;
}
